# This file is automatically @generated by Poetry 2.4.1 and should not be changed by hand.

[[package]]
name = "asgiref"
version = "3.12.1"
description = "ASGI specs, helper code, and adapters"
optional = false
python-versions = ">=3.10"
groups = ["main"]
files = [
    {file = "asgiref-3.12.1-py3-none-any.whl", hash = "sha256:fe386d1c2bff7259ea95929266d12a8cf9a8b5a1c2598402967d8792e7a7c094"},
    {file = "asgiref-3.12.1.tar.gz", hash = "sha256:59dcb51c272ad209d59bed5708a64a333083e86017d7fcdd67498eeab7784340"},
]

[package.extras]
mypy = ["mypy (>=1.14.0)"]
tests = ["pytest", "pytest-asyncio"]

[[package]]
name = "django"
version = "6.1"
description = "A high-level Python web framework that encourages rapid development and clean, pragmatic design."
optional = false
python-versions = ">=3.12"
groups = ["main"]
files = [
    {file = "django-6.1-py3-none-any.whl", hash = "sha256:6c132cd980c9392b06807d4ca52d72530d631dc65a85d9dacede00a780cefbbe"},
    {file = "django-6.1.tar.gz", hash = "sha256:86a2aacd59b817e4d6ac2ebfe22356c58f66f7b24e503f71b7c2fead677ee48b"},
]

[package.dependencies]
asgiref = ">=3.9.1"
sqlparse = ">=0.5.0"
tzdata = {version = "*", markers = "sys_platform == \"win32\""}

[package.extras]
argon2 = ["argon2-cffi (>=23.1.0)"]
bcrypt = ["bcrypt (>=4.1.1)"]

[[package]]
name = "psycopg"
version = "3.3.4"
description = "PostgreSQL database adapter for Python"
optional = false
python-versions = ">=3.10"
groups = ["main"]
files = [
    {file = "psycopg-3.3.4-py3-none-any.whl", hash = "sha256:b6bbc25ccf05c8fad3b061d9db2ef0909a555171b84b07f29458a447253d679a"},
    {file = "psycopg-3.3.4.tar.gz", hash = "sha256:e21207764952cff81b6b8bdacad9a3939f2793367fdac2987b3aac36a651b5bc"},
]

[package.dependencies]
tzdata = {version = "*", markers = "sys_platform == \"win32\""}

[package.extras]
binary = ["psycopg-binary (==3.3.4) ; implementation_name != \"pypy\""]
c = ["psycopg-c (==3.3.4) ; implementation_name != \"pypy\""]
dev = ["ast-comments (>=1.1.2)", "black (>=26.1.0)", "codespell (>=2.2)", "cython-lint (>=0.16)", "dnspython (>=2.1)", "flake8 (>=4.0)", "isort-psycopg", "isort[colors] (>=6.0)", "mypy (>=1.19.0)", "pre-commit (>=4.0.1)", "types-setuptools (>=57.4)", "types-shapely (>=2.0)", "wheel (>=0.37)"]
docs = ["Sphinx (>=9.1)", "furo (==2025.12.19)", "sphinx-autobuild (>=2025.8.25)", "sphinx-autodoc-typehints (>=3.10.2)"]
pool = ["psycopg-pool"]
test = ["anyio (>=4.0)", "mypy (>=1.19.0) ; implementation_name != \"pypy\"", "pproxy (>=2.7)", "pytest (>=6.2.5)", "pytest-cov (>=3.0)", "pytest-randomly (>=3.5)"]

[[package]]
name = "sqlparse"
version = "0.6.0"
description = "A non-validating SQL parser."
optional = false
python-versions = ">=3.10"
groups = ["main"]
files = [
    {file = "sqlparse-0.6.0-py3-none-any.whl", hash = "sha256:b861c0288ce2fa56209a9a6412d2e066ac664b3873b89c26c9d8415e8e32996f"},
    {file = "sqlparse-0.6.0.tar.gz", hash = "sha256:113c35c75365ab9cc9c7231d68c6428fb11c085fc8e9eb1ad659b7ddbf6cd2b9"},
]

[package.extras]
dev = ["build"]
doc = ["furo", "sphinx"]

[[package]]
name = "tzdata"
version = "2026.3"
description = "Provider of IANA time zone data"
optional = false
python-versions = ">=2"
groups = ["main"]
markers = "sys_platform == \"win32\""
files = [
    {file = "tzdata-2026.3-py2.py3-none-any.whl", hash = "sha256:dc096730c87af6cab1b171c9d532be840741ff5d459015e7f6947bd7d7e54931"},
    {file = "tzdata-2026.3.tar.gz", hash = "sha256:4a1518b8993086a7982523e071643f3c0e5f213e75b21318e78bcabfff9d1415"},
]

[metadata]
lock-version = "2.1"
python-versions = ">=3.13"
content-hash = "22f43862757bc2cdae51bcd98670af62d3fac7ce83e75a53738bd287598618bc"
